
Microsoft Visual Studio Solution File, Format Version 12.00
# Visual Studio Version 17
VisualStudioVersion = 17.1.32210.238
MinimumVisualStudioVersion = 10.0.40219.1
Project("{FAE04EC0-301F-11D3-BF4B-00C04F79EFBC}") = "Ejercicio3_DallinOsorio", "Ejercicio3_DallinOsorio.csproj", "{B0739C7C-D13B-4D72-809B-1F081802F180}"
EndProject
Project("{FAE04EC0-301F-11D3-BF4B-00C04F79EFBC}") = "DatosEjer3", "..\DatosEjer3\DatosEjer3.csproj", "{D93373D4-419D-42AE-89A3-4F5CD4F912E7}"
EndProject
Global
	GlobalSection(SolutionConfigurationPlatforms) = preSolution
		Debug|Any CPU = Debug|Any CPU
		Release|Any CPU = Release|Any CPU
	EndGlobalSection
	GlobalSection(ProjectConfigurationPlatforms) = postSolution
		{B0739C7C-D13B-4D72-809B-1F081802F180}.Debug|Any CPU.ActiveCfg = Debug|Any CPU
		{B0739C7C-D13B-4D72-809B-1F081802F180}.Debug|Any CPU.Build.0 = Debug|Any CPU
		{B0739C7C-D13B-4D72-809B-1F081802F180}.Release|Any CPU.ActiveCfg = Release|Any CPU
		{B0739C7C-D13B-4D72-809B-1F081802F180}.Release|Any CPU.Build.0 = Release|Any CPU
		{D93373D4-419D-42AE-89A3-4F5CD4F912E7}.Debug|Any CPU.ActiveCfg = Debug|Any CPU
		{D93373D4-419D-42AE-89A3-4F5CD4F912E7}.Debug|Any CPU.Build.0 = Debug|Any CPU
		{D93373D4-419D-42AE-89A3-4F5CD4F912E7}.Release|Any CPU.ActiveCfg = Release|Any CPU
		{D93373D4-419D-42AE-89A3-4F5CD4F912E7}.Release|Any CPU.Build.0 = Release|Any CPU
	EndGlobalSection
	GlobalSection(SolutionProperties) = preSolution
		HideSolutionNode = FALSE
	EndGlobalSection
	GlobalSection(ExtensibilityGlobals) = postSolution
		SolutionGuid = {A4C4AF0F-F63C-47A6-802D-2E4690B610E4}
	EndGlobalSection
EndGlobal
